
Microsoft Visual Studio Solution File, Format Version 12.00
# Visual Studio Version 16
VisualStudioVersion = 16.0.810.4
MinimumVisualStudioVersion = 10.0.40219.1
Project("{FAE04EC0-301F-11D3-BF4B-00C04F79EFBC}") = "serviceone", "serviceone\serviceone.csproj", "{78CE2700-02F5-4EC4-B1CE-DAC64E97A809}"
EndProject
Global
	GlobalSection(SolutionConfigurationPlatforms) = preSolution
		Debug|Any CPU = Debug|Any CPU
		Release|Any CPU = Release|Any CPU
	EndGlobalSection
	GlobalSection(ProjectConfigurationPlatforms) = postSolution
		{78CE2700-02F5-4EC4-B1CE-DAC64E97A809}.Debug|Any CPU.ActiveCfg = Debug|Any CPU
		{78CE2700-02F5-4EC4-B1CE-DAC64E97A809}.Debug|Any CPU.Build.0 = Debug|Any CPU
		{78CE2700-02F5-4EC4-B1CE-DAC64E97A809}.Release|Any CPU.ActiveCfg = Release|Any CPU
		{78CE2700-02F5-4EC4-B1CE-DAC64E97A809}.Release|Any CPU.Build.0 = Release|Any CPU
	EndGlobalSection
	GlobalSection(SolutionProperties) = preSolution
		HideSolutionNode = FALSE
	EndGlobalSection
	GlobalSection(ExtensibilityGlobals) = postSolution
		SolutionGuid = {8141BD04-CA20-4021-A33B-D414B846DAEE}
	EndGlobalSection
EndGlobal
